
Microsoft Visual Studio Solution File, Format Version 12.00
# Visual Studio Version 17
VisualStudioVersion = 17.4.33213.308
MinimumVisualStudioVersion = 10.0.40219.1
Project("{FAE04EC0-301F-11D3-BF4B-00C04F79EFBC}") = "testefihgma", "testefihgma\testefihgma.csproj", "{08DB64B0-E7C8-48D2-8651-5FD1F14A65FE}"
EndProject
Global
	GlobalSection(SolutionConfigurationPlatforms) = preSolution
		Debug|Any CPU = Debug|Any CPU
		Release|Any CPU = Release|Any CPU
	EndGlobalSection
	GlobalSection(ProjectConfigurationPlatforms) = postSolution
		{08DB64B0-E7C8-48D2-8651-5FD1F14A65FE}.Debug|Any CPU.ActiveCfg = Debug|Any CPU
		{08DB64B0-E7C8-48D2-8651-5FD1F14A65FE}.Debug|Any CPU.Build.0 = Debug|Any CPU
		{08DB64B0-E7C8-48D2-8651-5FD1F14A65FE}.Release|Any CPU.ActiveCfg = Release|Any CPU
		{08DB64B0-E7C8-48D2-8651-5FD1F14A65FE}.Release|Any CPU.Build.0 = Release|Any CPU
	EndGlobalSection
	GlobalSection(SolutionProperties) = preSolution
		HideSolutionNode = FALSE
	EndGlobalSection
	GlobalSection(ExtensibilityGlobals) = postSolution
		SolutionGuid = {44563F2C-1D30-4E7F-A384-733DAE53C459}
	EndGlobalSection
EndGlobal
